// !$*UTF8*$!
{
	archiveVersion = 1;
	classes = {
	};
	objectVersion = 46;
	objects = {

/* Begin PBXBuildFile section */
		1742D39A1CDA9C8D0022B036 /* SavedUsersManager.swift in Sources */ = {isa = PBXBuildFile; fileRef = 1742D3991CDA9C8D0022B036 /* SavedUsersManager.swift */; };
		176F545B1CD2B24000BEE2DE /* SignInNavigationController.swift in Sources */ = {isa = PBXBuildFile; fileRef = 176F545A1CD2B24000BEE2DE /* SignInNavigationController.swift */; };
		179549E21CCFBEE400114389 /* NearbyViewController.swift in Sources */ = {isa = PBXBuildFile; fileRef = 179549E11CCFBEE400114389 /* NearbyViewController.swift */; };
		179549E41CCFBF8800114389 /* User.swift in Sources */ = {isa = PBXBuildFile; fileRef = 179549E31CCFBF8800114389 /* User.swift */; };
		179D48F11CD4285500262BE5 /* OperationControlTableViewCell.swift in Sources */ = {isa = PBXBuildFile; fileRef = 179D48F01CD4285500262BE5 /* OperationControlTableViewCell.swift */; };
		179D48F31CD430E300262BE5 /* NearbyAPIOperation.swift in Sources */ = {isa = PBXBuildFile; fileRef = 179D48F21CD430E300262BE5 /* NearbyAPIOperation.swift */; };
		179D48F51CD51F4900262BE5 /* UserTableViewCell.swift in Sources */ = {isa = PBXBuildFile; fileRef = 179D48F41CD51F4900262BE5 /* UserTableViewCell.swift */; };
		179D48F71CD53FED00262BE5 /* PublishedUserTableViewCell.swift in Sources */ = {isa = PBXBuildFile; fileRef = 179D48F61CD53FED00262BE5 /* PublishedUserTableViewCell.swift */; };
		17A105971CCFC24E0041E514 /* CurrentUserRecipient.swift in Sources */ = {isa = PBXBuildFile; fileRef = 17A105961CCFC24E0041E514 /* CurrentUserRecipient.swift */; };
		17A105991CCFFC350041E514 /* SignInViewController.swift in Sources */ = {isa = PBXBuildFile; fileRef = 17A105981CCFFC350041E514 /* SignInViewController.swift */; };
		3710F6CACA89E859FEA9FB7B /* libPods.a in Frameworks */ = {isa = PBXBuildFile; fileRef = B9CAEA64975357B66B60D879 /* libPods.a */; };
		AC22C5E31CC86A34000DFF07 /* GoogleService-Info.plist in Resources */ = {isa = PBXBuildFile; fileRef = AC22C5E21CC86A34000DFF07 /* GoogleService-Info.plist */; };
		AC46804C1CC477F0000CEE2E /* AppDelegate.swift in Sources */ = {isa = PBXBuildFile; fileRef = AC46804B1CC477F0000CEE2E /* AppDelegate.swift */; };
		AC4680511CC477F0000CEE2E /* Main.storyboard in Resources */ = {isa = PBXBuildFile; fileRef = AC46804F1CC477F0000CEE2E /* Main.storyboard */; };
		AC4680531CC477F0000CEE2E /* Assets.xcassets in Resources */ = {isa = PBXBuildFile; fileRef = AC4680521CC477F0000CEE2E /* Assets.xcassets */; };
		AC4680561CC477F0000CEE2E /* LaunchScreen.storyboard in Resources */ = {isa = PBXBuildFile; fileRef = AC4680541CC477F0000CEE2E /* LaunchScreen.storyboard */; };
/* End PBXBuildFile section */

/* Begin PBXFileReference section */
		1742D3991CDA9C8D0022B036 /* SavedUsersManager.swift */ = {isa = PBXFileReference; fileEncoding = 4; lastKnownFileType = sourcecode.swift; path = SavedUsersManager.swift; sourceTree = "<group>"; };
		176F545A1CD2B24000BEE2DE /* SignInNavigationController.swift */ = {isa = PBXFileReference; fileEncoding = 4; lastKnownFileType = sourcecode.swift; path = SignInNavigationController.swift; sourceTree = "<group>"; };
		179549E11CCFBEE400114389 /* NearbyViewController.swift */ = {isa = PBXFileReference; fileEncoding = 4; lastKnownFileType = sourcecode.swift; path = NearbyViewController.swift; sourceTree = "<group>"; };
		179549E31CCFBF8800114389 /* User.swift */ = {isa = PBXFileReference; fileEncoding = 4; lastKnownFileType = sourcecode.swift; path = User.swift; sourceTree = "<group>"; };
		179D48F01CD4285500262BE5 /* OperationControlTableViewCell.swift */ = {isa = PBXFileReference; fileEncoding = 4; lastKnownFileType = sourcecode.swift; path = OperationControlTableViewCell.swift; sourceTree = "<group>"; };
		179D48F21CD430E300262BE5 /* NearbyAPIOperation.swift */ = {isa = PBXFileReference; fileEncoding = 4; lastKnownFileType = sourcecode.swift; path = NearbyAPIOperation.swift; sourceTree = "<group>"; };
		179D48F41CD51F4900262BE5 /* UserTableViewCell.swift */ = {isa = PBXFileReference; fileEncoding = 4; lastKnownFileType = sourcecode.swift; path = UserTableViewCell.swift; sourceTree = "<group>"; };
		179D48F61CD53FED00262BE5 /* PublishedUserTableViewCell.swift */ = {isa = PBXFileReference; fileEncoding = 4; lastKnownFileType = sourcecode.swift; path = PublishedUserTableViewCell.swift; sourceTree = "<group>"; };
		17A105961CCFC24E0041E514 /* CurrentUserRecipient.swift */ = {isa = PBXFileReference; fileEncoding = 4; lastKnownFileType = sourcecode.swift; path = CurrentUserRecipient.swift; sourceTree = "<group>"; };
		17A105981CCFFC350041E514 /* SignInViewController.swift */ = {isa = PBXFileReference; fileEncoding = 4; lastKnownFileType = sourcecode.swift; path = SignInViewController.swift; sourceTree = "<group>"; };
		AC22C5E21CC86A34000DFF07 /* GoogleService-Info.plist */ = {isa = PBXFileReference; fileEncoding = 4; lastKnownFileType = text.plist.xml; path = "GoogleService-Info.plist"; sourceTree = "<group>"; };
		AC4680481CC477F0000CEE2E /* Calling Card.app */ = {isa = PBXFileReference; explicitFileType = wrapper.application; includeInIndex = 0; path = "Calling Card.app"; sourceTree = BUILT_PRODUCTS_DIR; };
		AC46804B1CC477F0000CEE2E /* AppDelegate.swift */ = {isa = PBXFileReference; lastKnownFileType = sourcecode.swift; path = AppDelegate.swift; sourceTree = "<group>"; };
		AC4680501CC477F0000CEE2E /* Base */ = {isa = PBXFileReference; lastKnownFileType = file.storyboard; name = Base; path = Base.lproj/Main.storyboard; sourceTree = "<group>"; };
		AC4680521CC477F0000CEE2E /* Assets.xcassets */ = {isa = PBXFileReference; lastKnownFileType = folder.assetcatalog; path = Assets.xcassets; sourceTree = "<group>"; };
		AC4680551CC477F0000CEE2E /* Base */ = {isa = PBXFileReference; lastKnownFileType = file.storyboard; name = Base; path = Base.lproj/LaunchScreen.storyboard; sourceTree = "<group>"; };
		AC4680571CC477F0000CEE2E /* Info.plist */ = {isa = PBXFileReference; lastKnownFileType = text.plist.xml; path = Info.plist; sourceTree = "<group>"; };
		ACF8FCFA1CC4820C0018B5BD /* Nearby-Bridging-Header.h */ = {isa = PBXFileReference; lastKnownFileType = sourcecode.c.h; path = "Nearby-Bridging-Header.h"; sourceTree = "<group>"; };
		B25A36514F6D88BFA1BD016F /* Pods.debug.xcconfig */ = {isa = PBXFileReference; includeInIndex = 1; lastKnownFileType = text.xcconfig; name = Pods.debug.xcconfig; path = "Pods/Target Support Files/Pods/Pods.debug.xcconfig"; sourceTree = "<group>"; };
		B2CFBB6B1274DB1C9F074952 /* Pods.release.xcconfig */ = {isa = PBXFileReference; includeInIndex = 1; lastKnownFileType = text.xcconfig; name = Pods.release.xcconfig; path = "Pods/Target Support Files/Pods/Pods.release.xcconfig"; sourceTree = "<group>"; };
		B9CAEA64975357B66B60D879 /* libPods.a */ = {isa = PBXFileReference; explicitFileType = archive.ar; includeInIndex = 0; path = libPods.a; sourceTree = BUILT_PRODUCTS_DIR; };
/* End PBXFileReference section */

/* Begin PBXFrameworksBuildPhase section */
		AC4680451CC477F0000CEE2E /* Frameworks */ = {
			isa = PBXFrameworksBuildPhase;
			buildActionMask = 2147483647;
			files = (
				3710F6CACA89E859FEA9FB7B /* libPods.a in Frameworks */,
			);
			runOnlyForDeploymentPostprocessing = 0;
		};
/* End PBXFrameworksBuildPhase section */

/* Begin PBXGroup section */
		211A7808A9D595B1EE42B56A /* Pods */ = {
			isa = PBXGroup;
			children = (
				B25A36514F6D88BFA1BD016F /* Pods.debug.xcconfig */,
				B2CFBB6B1274DB1C9F074952 /* Pods.release.xcconfig */,
			);
			name = Pods;
			sourceTree = "<group>";
		};
		AC46803F1CC477F0000CEE2E = {
			isa = PBXGroup;
			children = (
				AC22C5E21CC86A34000DFF07 /* GoogleService-Info.plist */,
				ACF8FCFA1CC4820C0018B5BD /* Nearby-Bridging-Header.h */,
				AC46804A1CC477F0000CEE2E /* Calling Card */,
				AC4680491CC477F0000CEE2E /* Products */,
				211A7808A9D595B1EE42B56A /* Pods */,
				E4F78068B76D75D5BD3566A9 /* Frameworks */,
			);
			sourceTree = "<group>";
		};
		AC4680491CC477F0000CEE2E /* Products */ = {
			isa = PBXGroup;
			children = (
				AC4680481CC477F0000CEE2E /* Calling Card.app */,
			);
			name = Products;
			sourceTree = "<group>";
		};
		AC46804A1CC477F0000CEE2E /* Calling Card */ = {
			isa = PBXGroup;
			children = (
				AC46804B1CC477F0000CEE2E /* AppDelegate.swift */,
				AC4680521CC477F0000CEE2E /* Assets.xcassets */,
				176F545A1CD2B24000BEE2DE /* SignInNavigationController.swift */,
				AC4680571CC477F0000CEE2E /* Info.plist */,
				AC4680541CC477F0000CEE2E /* LaunchScreen.storyboard */,
				AC46804F1CC477F0000CEE2E /* Main.storyboard */,
				179D48F21CD430E300262BE5 /* NearbyAPIOperation.swift */,
				179549E11CCFBEE400114389 /* NearbyViewController.swift */,
				179D48F01CD4285500262BE5 /* OperationControlTableViewCell.swift */,
				179549E31CCFBF8800114389 /* User.swift */,
				17A105961CCFC24E0041E514 /* CurrentUserRecipient.swift */,
				17A105981CCFFC350041E514 /* SignInViewController.swift */,
				179D48F41CD51F4900262BE5 /* UserTableViewCell.swift */,
				179D48F61CD53FED00262BE5 /* PublishedUserTableViewCell.swift */,
				1742D3991CDA9C8D0022B036 /* SavedUsersManager.swift */,
			);
			path = "Calling Card";
			sourceTree = "<group>";
		};
		E4F78068B76D75D5BD3566A9 /* Frameworks */ = {
			isa = PBXGroup;
			children = (
				B9CAEA64975357B66B60D879 /* libPods.a */,
			);
			name = Frameworks;
			sourceTree = "<group>";
		};
/* End PBXGroup section */

/* Begin PBXNativeTarget section */
		AC4680471CC477F0000CEE2E /* Calling Card */ = {
			isa = PBXNativeTarget;
			buildConfigurationList = AC46805A1CC477F0000CEE2E /* Build configuration list for PBXNativeTarget "Calling Card" */;
			buildPhases = (
				689D19C06B4FB10DC3FB9407 /* Check Pods Manifest.lock */,
				AC4680441CC477F0000CEE2E /* Sources */,
				AC4680451CC477F0000CEE2E /* Frameworks */,
				AC4680461CC477F0000CEE2E /* Resources */,
				7E5B0B3F2043455315C8CFA2 /* Embed Pods Frameworks */,
				F1E28614F46423762161BE1F /* Copy Pods Resources */,
			);
			buildRules = (
			);
			dependencies = (
			);
			name = "Calling Card";
			productName = "Calling Card";
			productReference = AC4680481CC477F0000CEE2E /* Calling Card.app */;
			productType = "com.apple.product-type.application";
		};
/* End PBXNativeTarget section */

/* Begin PBXProject section */
		AC4680401CC477F0000CEE2E /* Project object */ = {
			isa = PBXProject;
			attributes = {
				LastSwiftUpdateCheck = 0730;
				LastUpgradeCheck = 0730;
				ORGANIZATIONNAME = "Stuart Kent";
				TargetAttributes = {
					AC4680471CC477F0000CEE2E = {
						CreatedOnToolsVersion = 7.3;
					};
				};
			};
			buildConfigurationList = AC4680431CC477F0000CEE2E /* Build configuration list for PBXProject "Calling Card" */;
			compatibilityVersion = "Xcode 3.2";
			developmentRegion = English;
			hasScannedForEncodings = 0;
			knownRegions = (
				en,
				Base,
			);
			mainGroup = AC46803F1CC477F0000CEE2E;
			productRefGroup = AC4680491CC477F0000CEE2E /* Products */;
			projectDirPath = "";
			projectRoot = "";
			targets = (
				AC4680471CC477F0000CEE2E /* Calling Card */,
			);
		};
/* End PBXProject section */

/* Begin PBXResourcesBuildPhase section */
		AC4680461CC477F0000CEE2E /* Resources */ = {
			isa = PBXResourcesBuildPhase;
			buildActionMask = 2147483647;
			files = (
				AC4680561CC477F0000CEE2E /* LaunchScreen.storyboard in Resources */,
				AC22C5E31CC86A34000DFF07 /* GoogleService-Info.plist in Resources */,
				AC4680531CC477F0000CEE2E /* Assets.xcassets in Resources */,
				AC4680511CC477F0000CEE2E /* Main.storyboard in Resources */,
			);
			runOnlyForDeploymentPostprocessing = 0;
		};
/* End PBXResourcesBuildPhase section */

/* Begin PBXShellScriptBuildPhase section */
		689D19C06B4FB10DC3FB9407 /* Check Pods Manifest.lock */ = {
			isa = PBXShellScriptBuildPhase;
			buildActionMask = 2147483647;
			files = (
			);
			inputPaths = (
			);
			name = "Check Pods Manifest.lock";
			outputPaths = (
			);
			runOnlyForDeploymentPostprocessing = 0;
			shellPath = /bin/sh;
			shellScript = "diff \"${PODS_ROOT}/../Podfile.lock\" \"${PODS_ROOT}/Manifest.lock\" > /dev/null\nif [[ $? != 0 ]] ; then\n    cat << EOM\nerror: The sandbox is not in sync with the Podfile.lock. Run 'pod install' or update your CocoaPods installation.\nEOM\n    exit 1\nfi\n";
			showEnvVarsInLog = 0;
		};
		7E5B0B3F2043455315C8CFA2 /* Embed Pods Frameworks */ = {
			isa = PBXShellScriptBuildPhase;
			buildActionMask = 2147483647;
			files = (
			);
			inputPaths = (
			);
			name = "Embed Pods Frameworks";
			outputPaths = (
			);
			runOnlyForDeploymentPostprocessing = 0;
			shellPath = /bin/sh;
			shellScript = "\"${SRCROOT}/Pods/Target Support Files/Pods/Pods-frameworks.sh\"\n";
			showEnvVarsInLog = 0;
		};
		F1E28614F46423762161BE1F /* Copy Pods Resources */ = {
			isa = PBXShellScriptBuildPhase;
			buildActionMask = 2147483647;
			files = (
			);
			inputPaths = (
			);
			name = "Copy Pods Resources";
			outputPaths = (
			);
			runOnlyForDeploymentPostprocessing = 0;
			shellPath = /bin/sh;
			shellScript = "\"${SRCROOT}/Pods/Target Support Files/Pods/Pods-resources.sh\"\n";
			showEnvVarsInLog = 0;
		};
/* End PBXShellScriptBuildPhase section */

/* Begin PBXSourcesBuildPhase section */
		AC4680441CC477F0000CEE2E /* Sources */ = {
			isa = PBXSourcesBuildPhase;
			buildActionMask = 2147483647;
			files = (
				176F545B1CD2B24000BEE2DE /* SignInNavigationController.swift in Sources */,
				179D48F31CD430E300262BE5 /* NearbyAPIOperation.swift in Sources */,
				179D48F71CD53FED00262BE5 /* PublishedUserTableViewCell.swift in Sources */,
				179549E41CCFBF8800114389 /* User.swift in Sources */,
				AC46804C1CC477F0000CEE2E /* AppDelegate.swift in Sources */,
				17A105971CCFC24E0041E514 /* CurrentUserRecipient.swift in Sources */,
				17A105991CCFFC350041E514 /* SignInViewController.swift in Sources */,
				1742D39A1CDA9C8D0022B036 /* SavedUsersManager.swift in Sources */,
				179549E21CCFBEE400114389 /* NearbyViewController.swift in Sources */,
				179D48F11CD4285500262BE5 /* OperationControlTableViewCell.swift in Sources */,
				179D48F51CD51F4900262BE5 /* UserTableViewCell.swift in Sources */,
			);
			runOnlyForDeploymentPostprocessing = 0;
		};
/* End PBXSourcesBuildPhase section */

/* Begin PBXVariantGroup section */
		AC46804F1CC477F0000CEE2E /* Main.storyboard */ = {
			isa = PBXVariantGroup;
			children = (
				AC4680501CC477F0000CEE2E /* Base */,
			);
			name = Main.storyboard;
			sourceTree = "<group>";
		};
		AC4680541CC477F0000CEE2E /* LaunchScreen.storyboard */ = {
			isa = PBXVariantGroup;
			children = (
				AC4680551CC477F0000CEE2E /* Base */,
			);
			name = LaunchScreen.storyboard;
			sourceTree = "<group>";
		};
/* End PBXVariantGroup section */

/* Begin XCBuildConfiguration section */
		AC4680581CC477F0000CEE2E /* Debug */ = {
			isa = XCBuildConfiguration;
			buildSettings = {
				ALWAYS_SEARCH_USER_PATHS = NO;
				CLANG_ANALYZER_NONNULL = YES;
				CLANG_CXX_LANGUAGE_STANDARD = "gnu++0x";
				CLANG_CXX_LIBRARY = "libc++";
				CLANG_ENABLE_MODULES = YES;
				CLANG_ENABLE_OBJC_ARC = YES;
				CLANG_WARN_BOOL_CONVERSION = YES;
				CLANG_WARN_CONSTANT_CONVERSION = YES;
				CLANG_WARN_DIRECT_OBJC_ISA_USAGE = YES_ERROR;
				CLANG_WARN_EMPTY_BODY = YES;
				CLANG_WARN_ENUM_CONVERSION = YES;
				CLANG_WARN_INT_CONVERSION = YES;
				CLANG_WARN_OBJC_ROOT_CLASS = YES_ERROR;
				CLANG_WARN_UNREACHABLE_CODE = YES;
				CLANG_WARN__DUPLICATE_METHOD_MATCH = YES;
				"CODE_SIGN_IDENTITY[sdk=iphoneos*]" = "iPhone Developer";
				COPY_PHASE_STRIP = NO;
				DEBUG_INFORMATION_FORMAT = dwarf;
				ENABLE_STRICT_OBJC_MSGSEND = YES;
				ENABLE_TESTABILITY = YES;
				GCC_C_LANGUAGE_STANDARD = gnu99;
				GCC_DYNAMIC_NO_PIC = NO;
				GCC_NO_COMMON_BLOCKS = YES;
				GCC_OPTIMIZATION_LEVEL = 0;
				GCC_PREPROCESSOR_DEFINITIONS = (
					"DEBUG=1",
					"$(inherited)",
				);
				GCC_WARN_64_TO_32_BIT_CONVERSION = YES;
				GCC_WARN_ABOUT_RETURN_TYPE = YES_ERROR;
				GCC_WARN_UNDECLARED_SELECTOR = YES;
				GCC_WARN_UNINITIALIZED_AUTOS = YES_AGGRESSIVE;
				GCC_WARN_UNUSED_FUNCTION = YES;
				GCC_WARN_UNUSED_VARIABLE = YES;
				IPHONEOS_DEPLOYMENT_TARGET = 9.3;
				MTL_ENABLE_DEBUG_INFO = YES;
				ONLY_ACTIVE_ARCH = YES;
				SDKROOT = iphoneos;
				SWIFT_OPTIMIZATION_LEVEL = "-Onone";
				TARGETED_DEVICE_FAMILY = "1,2";
			};
			name = Debug;
		};
		AC4680591CC477F0000CEE2E /* Release */ = {
			isa = XCBuildConfiguration;
			buildSettings = {
				ALWAYS_SEARCH_USER_PATHS = NO;
				CLANG_ANALYZER_NONNULL = YES;
				CLANG_CXX_LANGUAGE_STANDARD = "gnu++0x";
				CLANG_CXX_LIBRARY = "libc++";
				CLANG_ENABLE_MODULES = YES;
				CLANG_ENABLE_OBJC_ARC = YES;
				CLANG_WARN_BOOL_CONVERSION = YES;
				CLANG_WARN_CONSTANT_CONVERSION = YES;
				CLANG_WARN_DIRECT_OBJC_ISA_USAGE = YES_ERROR;
				CLANG_WARN_EMPTY_BODY = YES;
				CLANG_WARN_ENUM_CONVERSION = YES;
				CLANG_WARN_INT_CONVERSION = YES;
				CLANG_WARN_OBJC_ROOT_CLASS = YES_ERROR;
				CLANG_WARN_UNREACHABLE_CODE = YES;
				CLANG_WARN__DUPLICATE_METHOD_MATCH = YES;
				"CODE_SIGN_IDENTITY[sdk=iphoneos*]" = "iPhone Developer";
				COPY_PHASE_STRIP = NO;
				DEBUG_INFORMATION_FORMAT = "dwarf-with-dsym";
				ENABLE_NS_ASSERTIONS = NO;
				ENABLE_STRICT_OBJC_MSGSEND = YES;
				GCC_C_LANGUAGE_STANDARD = gnu99;
				GCC_NO_COMMON_BLOCKS = YES;
				GCC_WARN_64_TO_32_BIT_CONVERSION = YES;
				GCC_WARN_ABOUT_RETURN_TYPE = YES_ERROR;
				GCC_WARN_UNDECLARED_SELECTOR = YES;
				GCC_WARN_UNINITIALIZED_AUTOS = YES_AGGRESSIVE;
				GCC_WARN_UNUSED_FUNCTION = YES;
				GCC_WARN_UNUSED_VARIABLE = YES;
				IPHONEOS_DEPLOYMENT_TARGET = 9.3;
				MTL_ENABLE_DEBUG_INFO = NO;
				SDKROOT = iphoneos;
				TARGETED_DEVICE_FAMILY = "1,2";
				VALIDATE_PRODUCT = YES;
			};
			name = Release;
		};
		AC46805B1CC477F0000CEE2E /* Debug */ = {
			isa = XCBuildConfiguration;
			baseConfigurationReference = B25A36514F6D88BFA1BD016F /* Pods.debug.xcconfig */;
			buildSettings = {
				ASSETCATALOG_COMPILER_APPICON_NAME = AppIcon;
				INFOPLIST_FILE = "Calling Card/Info.plist";
				LD_RUNPATH_SEARCH_PATHS = "$(inherited) @executable_path/Frameworks";
				PRODUCT_BUNDLE_IDENTIFIER = "com.github.stkent.Calling-Card";
				PRODUCT_NAME = "$(TARGET_NAME)";
				SWIFT_OBJC_BRIDGING_HEADER = "Nearby-Bridging-Header.h";
			};
			name = Debug;
		};
		AC46805C1CC477F0000CEE2E /* Release */ = {
			isa = XCBuildConfiguration;
			baseConfigurationReference = B2CFBB6B1274DB1C9F074952 /* Pods.release.xcconfig */;
			buildSettings = {
				ASSETCATALOG_COMPILER_APPICON_NAME = AppIcon;
				INFOPLIST_FILE = "Calling Card/Info.plist";
				LD_RUNPATH_SEARCH_PATHS = "$(inherited) @executable_path/Frameworks";
				PRODUCT_BUNDLE_IDENTIFIER = "com.github.stkent.Calling-Card";
				PRODUCT_NAME = "$(TARGET_NAME)";
				SWIFT_OBJC_BRIDGING_HEADER = "Nearby-Bridging-Header.h";
			};
			name = Release;
		};
/* End XCBuildConfiguration section */

/* Begin XCConfigurationList section */
		AC4680431CC477F0000CEE2E /* Build configuration list for PBXProject "Calling Card" */ = {
			isa = XCConfigurationList;
			buildConfigurations = (
				AC4680581CC477F0000CEE2E /* Debug */,
				AC4680591CC477F0000CEE2E /* Release */,
			);
			defaultConfigurationIsVisible = 0;
			defaultConfigurationName = Release;
		};
		AC46805A1CC477F0000CEE2E /* Build configuration list for PBXNativeTarget "Calling Card" */ = {
			isa = XCConfigurationList;
			buildConfigurations = (
				AC46805B1CC477F0000CEE2E /* Debug */,
				AC46805C1CC477F0000CEE2E /* Release */,
			);
			defaultConfigurationIsVisible = 0;
			defaultConfigurationName = Release;
		};
/* End XCConfigurationList section */
	};
	rootObject = AC4680401CC477F0000CEE2E /* Project object */;
}
